
Microsoft Visual Studio Solution File, Format Version 12.00
# Visual Studio Version 17
VisualStudioVersion = 17.1.32210.238
MinimumVisualStudioVersion = 10.0.40219.1
Project("{2150E333-8FDC-42A3-9474-1A3956D46DE8}") = "Applications", "Applications", "{F3C5AE75-7CC2-4EFD-9AB8-84683E77005B}"
EndProject
Project("{2150E333-8FDC-42A3-9474-1A3956D46DE8}") = "DataStructures", "DataStructures", "{A8829011-804D-49E7-AA04-81DEEB2E5009}"
EndProject
Project("{2150E333-8FDC-42A3-9474-1A3956D46DE8}") = "Tests", "Tests", "{F1389305-E9D7-4B27-AA2F-AB108CE9724F}"
EndProject
Project("{2150E333-8FDC-42A3-9474-1A3956D46DE8}") = "ApplicationTests", "ApplicationTests", "{DBB84C06-0E1D-4309-8E9C-E83D5C77AAEA}"
EndProject
Project("{9A19103F-16F7-4668-BE54-9A1E7A4F7556}") = "TheLimitsOfDataTypes", "TheLimitsOfDataTypes\TheLimitsOfDataTypes.csproj", "{D4C7E6B7-EF9F-4A09-9D77-41BEE4C0F74A}"
EndProject
Project("{9A19103F-16F7-4668-BE54-9A1E7A4F7556}") = "ValueAndReferenceTypes", "ValueAndReferenceTypes\ValueAndReferenceTypes.csproj", "{86CC845A-5F62-4E1C-AFC8-8F3ACEF09251}"
EndProject
Project("{9A19103F-16F7-4668-BE54-9A1E7A4F7556}") = "ValueAndReferenceTypesTests", "ValueAndReferenceTypesTests\ValueAndReferenceTypesTests.csproj", "{68341854-DAB6-4997-A2D3-144272EC34DE}"
EndProject
Project("{2150E333-8FDC-42A3-9474-1A3956D46DE8}") = "UI", "UI", "{EC723E9D-CF46-4509-831A-FF7E8D6EB047}"
EndProject
Project("{9A19103F-16F7-4668-BE54-9A1E7A4F7556}") = "RefAndOutConsoleApp", "RefAndOutConsoleApp\RefAndOutConsoleApp.csproj", "{FAA43B00-3B23-4F7C-AF71-610A57207112}"
EndProject
Project("{9A19103F-16F7-4668-BE54-9A1E7A4F7556}") = "DataStructers.Arrays", "Array\DataStructers.Arrays.csproj", "{7722CDD1-4125-435F-9D94-603BB27116DE}"
EndProject
Project("{2150E333-8FDC-42A3-9474-1A3956D46DE8}") = "DataStructersTests", "DataStructersTests", "{72CC2D50-EA47-4ABC-99B2-622F82CC9EF5}"
EndProject
Project("{2150E333-8FDC-42A3-9474-1A3956D46DE8}") = "Array", "Array", "{D1203458-ED0E-46ED-B0C2-C9D66C823108}"
EndProject
Project("{9A19103F-16F7-4668-BE54-9A1E7A4F7556}") = "ArrayTests", "ArrayTests\ArrayTests.csproj", "{37DCDF41-5C55-4FA8-8AD1-89983C451F67}"
EndProject
Project("{9A19103F-16F7-4668-BE54-9A1E7A4F7556}") = "ArraysUI", "ArraysUI\ArraysUI.csproj", "{46316EB3-1780-43E2-AA20-0B4050A38B3F}"
EndProject
Project("{2150E333-8FDC-42A3-9474-1A3956D46DE8}") = "Collection", "Collection", "{B8B4D894-9517-4D52-8F6A-62B7C44FD733}"
EndProject
Project("{FAE04EC0-301F-11D3-BF4B-00C04F79EFBC}") = "CollectionApplicationTests", "CollectionApplicationTests\CollectionApplicationTests.csproj", "{7694705E-0BE2-4E5A-9350-A46941B1AB53}"
EndProject
Global
	GlobalSection(SolutionConfigurationPlatforms) = preSolution
		Debug|Any CPU = Debug|Any CPU
		Release|Any CPU = Release|Any CPU
	EndGlobalSection
	GlobalSection(ProjectConfigurationPlatforms) = postSolution
		{D4C7E6B7-EF9F-4A09-9D77-41BEE4C0F74A}.Debug|Any CPU.ActiveCfg = Debug|Any CPU
		{D4C7E6B7-EF9F-4A09-9D77-41BEE4C0F74A}.Debug|Any CPU.Build.0 = Debug|Any CPU
		{D4C7E6B7-EF9F-4A09-9D77-41BEE4C0F74A}.Release|Any CPU.ActiveCfg = Release|Any CPU
		{D4C7E6B7-EF9F-4A09-9D77-41BEE4C0F74A}.Release|Any CPU.Build.0 = Release|Any CPU
		{86CC845A-5F62-4E1C-AFC8-8F3ACEF09251}.Debug|Any CPU.ActiveCfg = Debug|Any CPU
		{86CC845A-5F62-4E1C-AFC8-8F3ACEF09251}.Debug|Any CPU.Build.0 = Debug|Any CPU
		{86CC845A-5F62-4E1C-AFC8-8F3ACEF09251}.Release|Any CPU.ActiveCfg = Release|Any CPU
		{86CC845A-5F62-4E1C-AFC8-8F3ACEF09251}.Release|Any CPU.Build.0 = Release|Any CPU
		{68341854-DAB6-4997-A2D3-144272EC34DE}.Debug|Any CPU.ActiveCfg = Debug|Any CPU
		{68341854-DAB6-4997-A2D3-144272EC34DE}.Debug|Any CPU.Build.0 = Debug|Any CPU
		{68341854-DAB6-4997-A2D3-144272EC34DE}.Release|Any CPU.ActiveCfg = Release|Any CPU
		{68341854-DAB6-4997-A2D3-144272EC34DE}.Release|Any CPU.Build.0 = Release|Any CPU
		{FAA43B00-3B23-4F7C-AF71-610A57207112}.Debug|Any CPU.ActiveCfg = Debug|Any CPU
		{FAA43B00-3B23-4F7C-AF71-610A57207112}.Debug|Any CPU.Build.0 = Debug|Any CPU
		{FAA43B00-3B23-4F7C-AF71-610A57207112}.Release|Any CPU.ActiveCfg = Release|Any CPU
		{FAA43B00-3B23-4F7C-AF71-610A57207112}.Release|Any CPU.Build.0 = Release|Any CPU
		{7722CDD1-4125-435F-9D94-603BB27116DE}.Debug|Any CPU.ActiveCfg = Debug|Any CPU
		{7722CDD1-4125-435F-9D94-603BB27116DE}.Debug|Any CPU.Build.0 = Debug|Any CPU
		{7722CDD1-4125-435F-9D94-603BB27116DE}.Release|Any CPU.ActiveCfg = Release|Any CPU
		{7722CDD1-4125-435F-9D94-603BB27116DE}.Release|Any CPU.Build.0 = Release|Any CPU
		{37DCDF41-5C55-4FA8-8AD1-89983C451F67}.Debug|Any CPU.ActiveCfg = Debug|Any CPU
		{37DCDF41-5C55-4FA8-8AD1-89983C451F67}.Debug|Any CPU.Build.0 = Debug|Any CPU
		{37DCDF41-5C55-4FA8-8AD1-89983C451F67}.Release|Any CPU.ActiveCfg = Release|Any CPU
		{37DCDF41-5C55-4FA8-8AD1-89983C451F67}.Release|Any CPU.Build.0 = Release|Any CPU
		{46316EB3-1780-43E2-AA20-0B4050A38B3F}.Debug|Any CPU.ActiveCfg = Debug|Any CPU
		{46316EB3-1780-43E2-AA20-0B4050A38B3F}.Debug|Any CPU.Build.0 = Debug|Any CPU
		{46316EB3-1780-43E2-AA20-0B4050A38B3F}.Release|Any CPU.ActiveCfg = Release|Any CPU
		{46316EB3-1780-43E2-AA20-0B4050A38B3F}.Release|Any CPU.Build.0 = Release|Any CPU
		{7694705E-0BE2-4E5A-9350-A46941B1AB53}.Debug|Any CPU.ActiveCfg = Debug|Any CPU
		{7694705E-0BE2-4E5A-9350-A46941B1AB53}.Debug|Any CPU.Build.0 = Debug|Any CPU
		{7694705E-0BE2-4E5A-9350-A46941B1AB53}.Release|Any CPU.ActiveCfg = Release|Any CPU
		{7694705E-0BE2-4E5A-9350-A46941B1AB53}.Release|Any CPU.Build.0 = Release|Any CPU
	EndGlobalSection
	GlobalSection(SolutionProperties) = preSolution
		HideSolutionNode = FALSE
	EndGlobalSection
	GlobalSection(NestedProjects) = preSolution
		{DBB84C06-0E1D-4309-8E9C-E83D5C77AAEA} = {F1389305-E9D7-4B27-AA2F-AB108CE9724F}
		{D4C7E6B7-EF9F-4A09-9D77-41BEE4C0F74A} = {DBB84C06-0E1D-4309-8E9C-E83D5C77AAEA}
		{86CC845A-5F62-4E1C-AFC8-8F3ACEF09251} = {F3C5AE75-7CC2-4EFD-9AB8-84683E77005B}
		{68341854-DAB6-4997-A2D3-144272EC34DE} = {DBB84C06-0E1D-4309-8E9C-E83D5C77AAEA}
		{FAA43B00-3B23-4F7C-AF71-610A57207112} = {EC723E9D-CF46-4509-831A-FF7E8D6EB047}
		{7722CDD1-4125-435F-9D94-603BB27116DE} = {A8829011-804D-49E7-AA04-81DEEB2E5009}
		{72CC2D50-EA47-4ABC-99B2-622F82CC9EF5} = {F1389305-E9D7-4B27-AA2F-AB108CE9724F}
		{D1203458-ED0E-46ED-B0C2-C9D66C823108} = {72CC2D50-EA47-4ABC-99B2-622F82CC9EF5}
		{37DCDF41-5C55-4FA8-8AD1-89983C451F67} = {D1203458-ED0E-46ED-B0C2-C9D66C823108}
		{46316EB3-1780-43E2-AA20-0B4050A38B3F} = {EC723E9D-CF46-4509-831A-FF7E8D6EB047}
		{B8B4D894-9517-4D52-8F6A-62B7C44FD733} = {72CC2D50-EA47-4ABC-99B2-622F82CC9EF5}
		{7694705E-0BE2-4E5A-9350-A46941B1AB53} = {B8B4D894-9517-4D52-8F6A-62B7C44FD733}
	EndGlobalSection
	GlobalSection(ExtensibilityGlobals) = postSolution
		SolutionGuid = {4E71A2DF-B173-4559-8206-C0DFE831C4FA}
	EndGlobalSection
EndGlobal
